
Microsoft Visual Studio Solution File, Format Version 12.00
# Visual Studio 2013
VisualStudioVersion = 12.0.21005.1
MinimumVisualStudioVersion = 10.0.40219.1
Project("{8BC9CEB8-8B4A-11D0-8D11-00A0C91BC942}") = "test_5_12", "test_5_12\test_5_12.vcxproj", "{3EDCA355-E967-435C-8FCB-CDE0C1C17A0A}"
EndProject
Global
	GlobalSection(SolutionConfigurationPlatforms) = preSolution
		Debug|Win32 = Debug|Win32
		Release|Win32 = Release|Win32
	EndGlobalSection
	GlobalSection(ProjectConfigurationPlatforms) = postSolution
		{3EDCA355-E967-435C-8FCB-CDE0C1C17A0A}.Debug|Win32.ActiveCfg = Debug|Win32
		{3EDCA355-E967-435C-8FCB-CDE0C1C17A0A}.Debug|Win32.Build.0 = Debug|Win32
		{3EDCA355-E967-435C-8FCB-CDE0C1C17A0A}.Release|Win32.ActiveCfg = Release|Win32
		{3EDCA355-E967-435C-8FCB-CDE0C1C17A0A}.Release|Win32.Build.0 = Release|Win32
	EndGlobalSection
	GlobalSection(SolutionProperties) = preSolution
		HideSolutionNode = FALSE
	EndGlobalSection
EndGlobal
